{
    "_readme": [
        "This file locks the dependencies of your project to a known state",
        "Read more about it at http://getcomposer.org/doc/01-basic-usage.md#composer-lock-the-lock-file",
        "This file is @generated automatically"
    ],
    "hash": "ca86c43e923773733334b4e47b43fc8a",
    "packages": [
        {
            "name": "arc/arc",
            "version": "1.1",
            "source": {
                "type": "git",
                "url": "https://github.com/Ariadne-CMS/arc-arc.git",
                "reference": "ec1869dff0e9f9a38b289077651bfb7dca918c5f"
            },
            "dist": {
                "type": "zip",
                "url": "https://api.github.com/repos/Ariadne-CMS/arc-arc/zipball/ec1869dff0e9f9a38b289077651bfb7dca918c5f",
                "reference": "ec1869dff0e9f9a38b289077651bfb7dca918c5f",
                "shasum": ""
            },
            "require": {
                "arc/base": "~1.0",
                "arc/cache": "~1.0",
                "arc/config": "~1.0",
                "arc/events": "~1.0",
                "arc/grants": "~1.0",
                "arc/web": "~1.0",
                "arc/xml": "~1.0",
                "php": ">=5.4"
            },
            "type": "library",
            "notification-url": "https://packagist.org/downloads/",
            "license": [
                "MIT"
            ],
            "authors": [
                {
                    "name": "Auke van Slooten",
                    "email": "auke@muze.nl"
                }
            ],
            "description": "Ariadne Component Library: All Components",
            "homepage": "https://github.com/Ariadne-CMS/arc/wiki",
            "keywords": [
                "component",
                "components"
            ],
            "time": "2014-06-26 12:33:47"
        },
        {
            "name": "arc/base",
            "version": "1.1",
            "source": {
                "type": "git",
                "url": "https://github.com/Ariadne-CMS/arc-base.git",
                "reference": "79b7f0980b7e3a408905b63e5a9d8917610d4a33"
            },
            "dist": {
                "type": "zip",
                "url": "https://api.github.com/repos/Ariadne-CMS/arc-base/zipball/79b7f0980b7e3a408905b63e5a9d8917610d4a33",
                "reference": "79b7f0980b7e3a408905b63e5a9d8917610d4a33",
                "shasum": ""
            },
            "require": {
                "php": ">=5.4"
            },
            "type": "library",
            "autoload": {
                "psr-4": {
                    "arc\\": "src/"
                }
            },
            "notification-url": "https://packagist.org/downloads/",
            "license": [
                "MIT"
            ],
            "authors": [
                {
                    "name": "Auke van Slooten",
                    "email": "auke@muze.nl"
                }
            ],
            "description": "Ariadne Component Library",
            "homepage": "https://github.com/Ariadne-CMS/arc/wiki",
            "keywords": [
                "component",
                "components"
            ],
            "time": "2014-07-02 11:50:51"
        },
        {
            "name": "arc/cache",
            "version": "1.1.1",
            "source": {
                "type": "git",
                "url": "https://github.com/Ariadne-CMS/arc-cache.git",
                "reference": "87a1c2f9822255b85fc681b17afd235c6d0c0cb3"
            },
            "dist": {
                "type": "zip",
                "url": "https://api.github.com/repos/Ariadne-CMS/arc-cache/zipball/87a1c2f9822255b85fc681b17afd235c6d0c0cb3",
                "reference": "87a1c2f9822255b85fc681b17afd235c6d0c0cb3",
                "shasum": ""
            },
            "require": {
                "arc/base": "~1.0",
                "php": ">=5.4"
            },
            "type": "library",
            "autoload": {
                "psr-4": {
                    "arc\\": "src/"
                }
            },
            "notification-url": "https://packagist.org/downloads/",
            "license": [
                "MIT"
            ],
            "authors": [
                {
                    "name": "Auke van Slooten",
                    "email": "auke@muze.nl"
                }
            ],
            "description": "Ariadne Component Library: Cache Component",
            "homepage": "https://github.com/Ariadne-CMS/arc/wiki",
            "keywords": [
                "component",
                "components"
            ],
            "time": "2014-07-02 11:51:21"
        },
        {
            "name": "arc/config",
            "version": "1.1",
            "source": {
                "type": "git",
                "url": "https://github.com/Ariadne-CMS/arc-config.git",
                "reference": "5d62370e19229f4385ad59df7234de35e9827a28"
            },
            "dist": {
                "type": "zip",
                "url": "https://api.github.com/repos/Ariadne-CMS/arc-config/zipball/5d62370e19229f4385ad59df7234de35e9827a28",
                "reference": "5d62370e19229f4385ad59df7234de35e9827a28",
                "shasum": ""
            },
            "require": {
                "arc/base": "~1.0",
                "php": ">=5.4"
            },
            "type": "library",
            "autoload": {
                "psr-4": {
                    "arc\\": "src/"
                }
            },
            "notification-url": "https://packagist.org/downloads/",
            "license": [
                "MIT"
            ],
            "authors": [
                {
                    "name": "Auke van Slooten",
                    "email": "auke@muze.nl"
                }
            ],
            "description": "Ariadne Component Library: Cache Component",
            "homepage": "https://github.com/Ariadne-CMS/arc/wiki",
            "keywords": [
                "component",
                "components"
            ],
            "time": "2014-06-26 12:37:47"
        },
        {
            "name": "arc/events",
            "version": "1.1",
            "source": {
                "type": "git",
                "url": "https://github.com/Ariadne-CMS/arc-events.git",
                "reference": "68d4aab110988f0e3caab92819d9eae1362f282d"
            },
            "dist": {
                "type": "zip",
                "url": "https://api.github.com/repos/Ariadne-CMS/arc-events/zipball/68d4aab110988f0e3caab92819d9eae1362f282d",
                "reference": "68d4aab110988f0e3caab92819d9eae1362f282d",
                "shasum": ""
            },
            "require": {
                "arc/base": "~1.0",
                "php": ">=5.4"
            },
            "type": "library",
            "autoload": {
                "psr-4": {
                    "arc\\": "src/"
                }
            },
            "notification-url": "https://packagist.org/downloads/",
            "license": [
                "MIT"
            ],
            "authors": [
                {
                    "name": "Auke van Slooten",
                    "email": "auke@muze.nl"
                }
            ],
            "description": "Ariadne Component Library: Cache Component",
            "homepage": "https://github.com/Ariadne-CMS/arc/wiki",
            "keywords": [
                "component",
                "components"
            ],
            "time": "2014-06-26 12:22:13"
        },
        {
            "name": "arc/grants",
            "version": "1.1",
            "source": {
                "type": "git",
                "url": "https://github.com/Ariadne-CMS/arc-grants.git",
                "reference": "e5c1aa441b237372d9528a671b13e68dc6ea8ecc"
            },
            "dist": {
                "type": "zip",
                "url": "https://api.github.com/repos/Ariadne-CMS/arc-grants/zipball/e5c1aa441b237372d9528a671b13e68dc6ea8ecc",
                "reference": "e5c1aa441b237372d9528a671b13e68dc6ea8ecc",
                "shasum": ""
            },
            "require": {
                "arc/base": "~1.0",
                "php": ">=5.4"
            },
            "type": "library",
            "autoload": {
                "psr-4": {
                    "arc\\": "src/"
                }
            },
            "notification-url": "https://packagist.org/downloads/",
            "license": [
                "MIT"
            ],
            "authors": [
                {
                    "name": "Auke van Slooten",
                    "email": "auke@muze.nl"
                }
            ],
            "description": "Ariadne Component Library: Cache Component",
            "homepage": "https://github.com/Ariadne-CMS/arc/wiki",
            "keywords": [
                "component",
                "components"
            ],
            "time": "2014-06-26 12:38:18"
        },
        {
            "name": "arc/web",
            "version": "1.1",
            "source": {
                "type": "git",
                "url": "https://github.com/Ariadne-CMS/arc-web.git",
                "reference": "d0640720c0156ff220465b1aa777e67e21e2f06f"
            },
            "dist": {
                "type": "zip",
                "url": "https://api.github.com/repos/Ariadne-CMS/arc-web/zipball/d0640720c0156ff220465b1aa777e67e21e2f06f",
                "reference": "d0640720c0156ff220465b1aa777e67e21e2f06f",
                "shasum": ""
            },
            "require": {
                "arc/base": "~1.0",
                "php": ">=5.4"
            },
            "type": "library",
            "autoload": {
                "psr-4": {
                    "arc\\": "src/"
                }
            },
            "notification-url": "https://packagist.org/downloads/",
            "license": [
                "MIT"
            ],
            "authors": [
                {
                    "name": "Auke van Slooten",
                    "email": "auke@muze.nl"
                }
            ],
            "description": "Ariadne Component Library: Web Components",
            "homepage": "https://github.com/Ariadne-CMS/arc/wiki",
            "keywords": [
                "component",
                "components"
            ],
            "time": "2014-06-30 12:07:48"
        },
        {
            "name": "arc/xml",
            "version": "1.1",
            "source": {
                "type": "git",
                "url": "https://github.com/Ariadne-CMS/arc-xml.git",
                "reference": "93b79378ff536639d576889f4350a4cf526aeccc"
            },
            "dist": {
                "type": "zip",
                "url": "https://api.github.com/repos/Ariadne-CMS/arc-xml/zipball/93b79378ff536639d576889f4350a4cf526aeccc",
                "reference": "93b79378ff536639d576889f4350a4cf526aeccc",
                "shasum": ""
            },
            "require": {
                "arc/base": "~1.0",
                "php": ">=5.4"
            },
            "type": "library",
            "autoload": {
                "psr-4": {
                    "arc\\": "src/"
                }
            },
            "notification-url": "https://packagist.org/downloads/",
            "license": [
                "MIT"
            ],
            "authors": [
                {
                    "name": "Auke van Slooten",
                    "email": "auke@muze.nl"
                }
            ],
            "description": "Ariadne Component Library: Cache Component",
            "homepage": "https://github.com/Ariadne-CMS/arc/wiki",
            "keywords": [
                "component",
                "components"
            ],
            "time": "2014-07-02 11:50:49"
        },
        {
            "name": "erusev/parsedown",
            "version": "1.1.0",
            "source": {
                "type": "git",
                "url": "https://github.com/erusev/parsedown.git",
                "reference": "c62365adc4488e1c35a8f45ea86f7d4a22bd58a0"
            },
            "dist": {
                "type": "zip",
                "url": "https://api.github.com/repos/erusev/parsedown/zipball/c62365adc4488e1c35a8f45ea86f7d4a22bd58a0",
                "reference": "c62365adc4488e1c35a8f45ea86f7d4a22bd58a0",
                "shasum": ""
            },
            "type": "library",
            "autoload": {
                "psr-0": {
                    "Parsedown": ""
                }
            },
            "notification-url": "https://packagist.org/downloads/",
            "license": [
                "MIT"
            ],
            "authors": [
                {
                    "name": "Emanuil Rusev",
                    "email": "hello@erusev.com",
                    "homepage": "http://erusev.com"
                }
            ],
            "description": "Parser for Markdown.",
            "homepage": "http://parsedown.org",
            "keywords": [
                "markdown",
                "parser"
            ],
            "time": "2014-09-25 23:06:16"
        },
        {
            "name": "firephp/firephp-core",
            "version": "v0.4.0",
            "source": {
                "type": "git",
                "url": "https://github.com/firephp/firephp-core.git",
                "reference": "fabad0f2503f9577fe8dd2cb1d1c7cd73ed2aacf"
            },
            "dist": {
                "type": "zip",
                "url": "https://api.github.com/repos/firephp/firephp-core/zipball/fabad0f2503f9577fe8dd2cb1d1c7cd73ed2aacf",
                "reference": "fabad0f2503f9577fe8dd2cb1d1c7cd73ed2aacf",
                "shasum": ""
            },
            "type": "library",
            "autoload": {
                "classmap": [
                    "lib/FirePHPCore/FirePHP.class.php",
                    "lib/FirePHPCore/fb.php"
                ]
            },
            "notification-url": "https://packagist.org/downloads/",
            "license": [
                "MIT"
            ],
            "authors": [
                {
                    "name": "Christoph Dorn",
                    "email": "christoph@christophdorn.com",
                    "homepage": "http://christophdorn.com"
                }
            ],
            "description": "Traditional FirePHPCore library for sending PHP variables to the browser.",
            "homepage": "https://github.com/firephp/firephp-core",
            "time": "2013-04-23 15:28:20"
        },
        {
            "name": "leafo/lessphp",
            "version": "v0.3.8",
            "source": {
                "type": "git",
                "url": "https://github.com/leafo/lessphp.git",
                "reference": "175f276f4168a84db14f7e40c4ef98931793da78"
            },
            "dist": {
                "type": "zip",
                "url": "https://api.github.com/repos/leafo/lessphp/zipball/175f276f4168a84db14f7e40c4ef98931793da78",
                "reference": "175f276f4168a84db14f7e40c4ef98931793da78",
                "shasum": ""
            },
            "type": "library",
            "autoload": {
                "classmap": [
                    "lessc.inc.php"
                ]
            },
            "notification-url": "https://packagist.org/downloads/",
            "license": [
                "MIT",
                "GPL-3.0"
            ],
            "authors": [
                {
                    "name": "Leaf Corcoran",
                    "email": "leafot@gmail.com",
                    "homepage": "http://leafo.net"
                }
            ],
            "description": "lessphp is a compiler for LESS written in PHP.",
            "homepage": "http://leafo.net/lessphp/",
            "time": "2012-08-19 02:16:09"
        }
    ],
    "packages-dev": [

    ],
    "aliases": [

    ],
    "minimum-stability": "stable",
    "stability-flags": [

    ],
    "prefer-stable": false,
    "platform": [

    ],
    "platform-dev": [

    ]
}
